
Microsoft Visual Studio Solution File, Format Version 12.00
# Visual Studio Version 17
VisualStudioVersion = 17.10.35013.160
MinimumVisualStudioVersion = 10.0.40219.1
Project("{9A19103F-16F7-4668-BE54-9A1E7A4F7556}") = "RemoteControlCompetition", "RemoteControlCompetition.csproj", "{97F6F462-4E66-4B8D-9480-F020A5AC0BCD}"
EndProject
Global
	GlobalSection(SolutionConfigurationPlatforms) = preSolution
		Debug|Any CPU = Debug|Any CPU
		Release|Any CPU = Release|Any CPU
	EndGlobalSection
	GlobalSection(ProjectConfigurationPlatforms) = postSolution
		{97F6F462-4E66-4B8D-9480-F020A5AC0BCD}.Debug|Any CPU.ActiveCfg = Debug|Any CPU
		{97F6F462-4E66-4B8D-9480-F020A5AC0BCD}.Debug|Any CPU.Build.0 = Debug|Any CPU
		{97F6F462-4E66-4B8D-9480-F020A5AC0BCD}.Release|Any CPU.ActiveCfg = Release|Any CPU
		{97F6F462-4E66-4B8D-9480-F020A5AC0BCD}.Release|Any CPU.Build.0 = Release|Any CPU
	EndGlobalSection
	GlobalSection(SolutionProperties) = preSolution
		HideSolutionNode = FALSE
	EndGlobalSection
	GlobalSection(ExtensibilityGlobals) = postSolution
		SolutionGuid = {535FE19A-93EF-4DFB-B88A-AD09383C420F}
	EndGlobalSection
EndGlobal
