
Microsoft Visual Studio Solution File, Format Version 12.00
# Visual Studio Version 17
VisualStudioVersion = 17.10.35027.167
MinimumVisualStudioVersion = 10.0.40219.1
Project("{9A19103F-16F7-4668-BE54-9A1E7A4F7556}") = "Gigasecond", "Gigasecond.csproj", "{629B8793-EF33-459A-A29F-68E9E9AEDF6E}"
EndProject
Global
	GlobalSection(SolutionConfigurationPlatforms) = preSolution
		Debug|Any CPU = Debug|Any CPU
		Release|Any CPU = Release|Any CPU
	EndGlobalSection
	GlobalSection(ProjectConfigurationPlatforms) = postSolution
		{629B8793-EF33-459A-A29F-68E9E9AEDF6E}.Debug|Any CPU.ActiveCfg = Debug|Any CPU
		{629B8793-EF33-459A-A29F-68E9E9AEDF6E}.Debug|Any CPU.Build.0 = Debug|Any CPU
		{629B8793-EF33-459A-A29F-68E9E9AEDF6E}.Release|Any CPU.ActiveCfg = Release|Any CPU
		{629B8793-EF33-459A-A29F-68E9E9AEDF6E}.Release|Any CPU.Build.0 = Release|Any CPU
	EndGlobalSection
	GlobalSection(SolutionProperties) = preSolution
		HideSolutionNode = FALSE
	EndGlobalSection
	GlobalSection(ExtensibilityGlobals) = postSolution
		SolutionGuid = {C5EF9B44-FC36-4CEB-A661-7E5FD6537A12}
	EndGlobalSection
EndGlobal
