
Microsoft Visual Studio Solution File, Format Version 12.00
# Visual Studio Version 17
VisualStudioVersion = 17.10.35027.167
MinimumVisualStudioVersion = 10.0.40219.1
Project("{9A19103F-16F7-4668-BE54-9A1E7A4F7556}") = "GradeSchool", "GradeSchool.csproj", "{983A7FC8-90C2-4C4B-AF5E-CA22B934838A}"
EndProject
Global
	GlobalSection(SolutionConfigurationPlatforms) = preSolution
		Debug|Any CPU = Debug|Any CPU
		Release|Any CPU = Release|Any CPU
	EndGlobalSection
	GlobalSection(ProjectConfigurationPlatforms) = postSolution
		{983A7FC8-90C2-4C4B-AF5E-CA22B934838A}.Debug|Any CPU.ActiveCfg = Debug|Any CPU
		{983A7FC8-90C2-4C4B-AF5E-CA22B934838A}.Debug|Any CPU.Build.0 = Debug|Any CPU
		{983A7FC8-90C2-4C4B-AF5E-CA22B934838A}.Release|Any CPU.ActiveCfg = Release|Any CPU
		{983A7FC8-90C2-4C4B-AF5E-CA22B934838A}.Release|Any CPU.Build.0 = Release|Any CPU
	EndGlobalSection
	GlobalSection(SolutionProperties) = preSolution
		HideSolutionNode = FALSE
	EndGlobalSection
	GlobalSection(ExtensibilityGlobals) = postSolution
		SolutionGuid = {E009B731-E225-4F4D-8E8B-47BBBD504063}
	EndGlobalSection
EndGlobal
