
Microsoft Visual Studio Solution File, Format Version 12.00
# Visual Studio Version 17
VisualStudioVersion = 17.10.35027.167
MinimumVisualStudioVersion = 10.0.40219.1
Project("{9A19103F-16F7-4668-BE54-9A1E7A4F7556}") = "RobotName", "RobotName.csproj", "{350C8B18-1FC1-4803-B61C-8AC5C01251C5}"
EndProject
Global
	GlobalSection(SolutionConfigurationPlatforms) = preSolution
		Debug|Any CPU = Debug|Any CPU
		Release|Any CPU = Release|Any CPU
	EndGlobalSection
	GlobalSection(ProjectConfigurationPlatforms) = postSolution
		{350C8B18-1FC1-4803-B61C-8AC5C01251C5}.Debug|Any CPU.ActiveCfg = Debug|Any CPU
		{350C8B18-1FC1-4803-B61C-8AC5C01251C5}.Debug|Any CPU.Build.0 = Debug|Any CPU
		{350C8B18-1FC1-4803-B61C-8AC5C01251C5}.Release|Any CPU.ActiveCfg = Release|Any CPU
		{350C8B18-1FC1-4803-B61C-8AC5C01251C5}.Release|Any CPU.Build.0 = Release|Any CPU
	EndGlobalSection
	GlobalSection(SolutionProperties) = preSolution
		HideSolutionNode = FALSE
	EndGlobalSection
	GlobalSection(ExtensibilityGlobals) = postSolution
		SolutionGuid = {E669D745-7F8B-4E40-A19B-7387A9C70D6C}
	EndGlobalSection
EndGlobal
