
Microsoft Visual Studio Solution File, Format Version 12.00
# Visual Studio Version 17
VisualStudioVersion = 17.10.35027.167
MinimumVisualStudioVersion = 10.0.40219.1
Project("{9A19103F-16F7-4668-BE54-9A1E7A4F7556}") = "CircularBuffer", "CircularBuffer.csproj", "{6993A064-718D-4531-80FA-16A06DBB31B5}"
EndProject
Global
	GlobalSection(SolutionConfigurationPlatforms) = preSolution
		Debug|Any CPU = Debug|Any CPU
		Release|Any CPU = Release|Any CPU
	EndGlobalSection
	GlobalSection(ProjectConfigurationPlatforms) = postSolution
		{6993A064-718D-4531-80FA-16A06DBB31B5}.Debug|Any CPU.ActiveCfg = Debug|Any CPU
		{6993A064-718D-4531-80FA-16A06DBB31B5}.Debug|Any CPU.Build.0 = Debug|Any CPU
		{6993A064-718D-4531-80FA-16A06DBB31B5}.Release|Any CPU.ActiveCfg = Release|Any CPU
		{6993A064-718D-4531-80FA-16A06DBB31B5}.Release|Any CPU.Build.0 = Release|Any CPU
	EndGlobalSection
	GlobalSection(SolutionProperties) = preSolution
		HideSolutionNode = FALSE
	EndGlobalSection
	GlobalSection(ExtensibilityGlobals) = postSolution
		SolutionGuid = {76C77E58-5608-47F9-8D6F-08DBF4FD7370}
	EndGlobalSection
EndGlobal
