
Microsoft Visual Studio Solution File, Format Version 12.00
# Visual Studio Version 17
VisualStudioVersion = 17.10.35027.167
MinimumVisualStudioVersion = 10.0.40219.1
Project("{9A19103F-16F7-4668-BE54-9A1E7A4F7556}") = "ResistorColor", "ResistorColor.csproj", "{80C85048-627D-47DD-8C7D-E588B44AF052}"
EndProject
Global
	GlobalSection(SolutionConfigurationPlatforms) = preSolution
		Debug|Any CPU = Debug|Any CPU
		Release|Any CPU = Release|Any CPU
	EndGlobalSection
	GlobalSection(ProjectConfigurationPlatforms) = postSolution
		{80C85048-627D-47DD-8C7D-E588B44AF052}.Debug|Any CPU.ActiveCfg = Debug|Any CPU
		{80C85048-627D-47DD-8C7D-E588B44AF052}.Debug|Any CPU.Build.0 = Debug|Any CPU
		{80C85048-627D-47DD-8C7D-E588B44AF052}.Release|Any CPU.ActiveCfg = Release|Any CPU
		{80C85048-627D-47DD-8C7D-E588B44AF052}.Release|Any CPU.Build.0 = Release|Any CPU
	EndGlobalSection
	GlobalSection(SolutionProperties) = preSolution
		HideSolutionNode = FALSE
	EndGlobalSection
	GlobalSection(ExtensibilityGlobals) = postSolution
		SolutionGuid = {08B0F2ED-BB6C-4EFD-A937-77D4F38B4D7C}
	EndGlobalSection
EndGlobal
