
Microsoft Visual Studio Solution File, Format Version 12.00
# Visual Studio Version 17
VisualStudioVersion = 17.10.35013.160
MinimumVisualStudioVersion = 10.0.40219.1
Project("{9A19103F-16F7-4668-BE54-9A1E7A4F7556}") = "InternationalCallingConnoisseur", "InternationalCallingConnoisseur.csproj", "{B833AA59-E18F-4F6F-B2BF-F87BCDBF532F}"
EndProject
Global
	GlobalSection(SolutionConfigurationPlatforms) = preSolution
		Debug|Any CPU = Debug|Any CPU
		Release|Any CPU = Release|Any CPU
	EndGlobalSection
	GlobalSection(ProjectConfigurationPlatforms) = postSolution
		{B833AA59-E18F-4F6F-B2BF-F87BCDBF532F}.Debug|Any CPU.ActiveCfg = Debug|Any CPU
		{B833AA59-E18F-4F6F-B2BF-F87BCDBF532F}.Debug|Any CPU.Build.0 = Debug|Any CPU
		{B833AA59-E18F-4F6F-B2BF-F87BCDBF532F}.Release|Any CPU.ActiveCfg = Release|Any CPU
		{B833AA59-E18F-4F6F-B2BF-F87BCDBF532F}.Release|Any CPU.Build.0 = Release|Any CPU
	EndGlobalSection
	GlobalSection(SolutionProperties) = preSolution
		HideSolutionNode = FALSE
	EndGlobalSection
	GlobalSection(ExtensibilityGlobals) = postSolution
		SolutionGuid = {B6C43A9F-883F-4EE7-AE89-12367593226F}
	EndGlobalSection
EndGlobal
