
Microsoft Visual Studio Solution File, Format Version 12.00
# Visual Studio Version 17
VisualStudioVersion = 17.10.35013.160
MinimumVisualStudioVersion = 10.0.40219.1
Project("{9A19103F-16F7-4668-BE54-9A1E7A4F7556}") = "Faceid2", "Faceid2.csproj", "{4D5DD7CC-2B8D-4F50-9A13-8BC0522A68E7}"
EndProject
Global
	GlobalSection(SolutionConfigurationPlatforms) = preSolution
		Debug|Any CPU = Debug|Any CPU
		Release|Any CPU = Release|Any CPU
	EndGlobalSection
	GlobalSection(ProjectConfigurationPlatforms) = postSolution
		{4D5DD7CC-2B8D-4F50-9A13-8BC0522A68E7}.Debug|Any CPU.ActiveCfg = Debug|Any CPU
		{4D5DD7CC-2B8D-4F50-9A13-8BC0522A68E7}.Debug|Any CPU.Build.0 = Debug|Any CPU
		{4D5DD7CC-2B8D-4F50-9A13-8BC0522A68E7}.Release|Any CPU.ActiveCfg = Release|Any CPU
		{4D5DD7CC-2B8D-4F50-9A13-8BC0522A68E7}.Release|Any CPU.Build.0 = Release|Any CPU
	EndGlobalSection
	GlobalSection(SolutionProperties) = preSolution
		HideSolutionNode = FALSE
	EndGlobalSection
	GlobalSection(ExtensibilityGlobals) = postSolution
		SolutionGuid = {59F9C28A-AE06-4E9A-A401-3885DCF61CF9}
	EndGlobalSection
EndGlobal
