
Microsoft Visual Studio Solution File, Format Version 12.00
# Visual Studio Version 17
VisualStudioVersion = 17.10.35027.167
MinimumVisualStudioVersion = 10.0.40219.1
Project("{9A19103F-16F7-4668-BE54-9A1E7A4F7556}") = "Hamming", "Hamming.csproj", "{A94271D0-2A2D-4419-9CAA-E2451F2DF48B}"
EndProject
Global
	GlobalSection(SolutionConfigurationPlatforms) = preSolution
		Debug|Any CPU = Debug|Any CPU
		Release|Any CPU = Release|Any CPU
	EndGlobalSection
	GlobalSection(ProjectConfigurationPlatforms) = postSolution
		{A94271D0-2A2D-4419-9CAA-E2451F2DF48B}.Debug|Any CPU.ActiveCfg = Debug|Any CPU
		{A94271D0-2A2D-4419-9CAA-E2451F2DF48B}.Debug|Any CPU.Build.0 = Debug|Any CPU
		{A94271D0-2A2D-4419-9CAA-E2451F2DF48B}.Release|Any CPU.ActiveCfg = Release|Any CPU
		{A94271D0-2A2D-4419-9CAA-E2451F2DF48B}.Release|Any CPU.Build.0 = Release|Any CPU
	EndGlobalSection
	GlobalSection(SolutionProperties) = preSolution
		HideSolutionNode = FALSE
	EndGlobalSection
	GlobalSection(ExtensibilityGlobals) = postSolution
		SolutionGuid = {61393825-A5F9-42DD-8D6F-72723FB87264}
	EndGlobalSection
EndGlobal
